
Microsoft Visual Studio Solution File, Format Version 12.00
# Visual Studio for Mac
Project("{FAE04EC0-301F-11D3-BF4B-00C04F79EFBC}") = "Assembly-CSharp", "Assembly-CSharp.csproj", "{87F4E0DA-3CB8-E352-F602-449612E94CFA}"
EndProject
Project("{FAE04EC0-301F-11D3-BF4B-00C04F79EFBC}") = "Assembly-CSharp-Editor", "Assembly-CSharp-Editor.csproj", "{16F184D9-7B14-5B27-CBF5-69EAC4797758}"
EndProject
Global
	GlobalSection(SolutionConfigurationPlatforms) = preSolution
		Debug|Any CPU = Debug|Any CPU
		Release|Any CPU = Release|Any CPU
	EndGlobalSection
	GlobalSection(ProjectConfigurationPlatforms) = postSolution
		{87F4E0DA-3CB8-E352-F602-449612E94CFA}.Debug|Any CPU.ActiveCfg = Debug|Any CPU
		{87F4E0DA-3CB8-E352-F602-449612E94CFA}.Debug|Any CPU.Build.0 = Debug|Any CPU
		{87F4E0DA-3CB8-E352-F602-449612E94CFA}.Release|Any CPU.ActiveCfg = Release|Any CPU
		{87F4E0DA-3CB8-E352-F602-449612E94CFA}.Release|Any CPU.Build.0 = Release|Any CPU
		{16F184D9-7B14-5B27-CBF5-69EAC4797758}.Debug|Any CPU.ActiveCfg = Debug|Any CPU
		{16F184D9-7B14-5B27-CBF5-69EAC4797758}.Debug|Any CPU.Build.0 = Debug|Any CPU
		{16F184D9-7B14-5B27-CBF5-69EAC4797758}.Release|Any CPU.ActiveCfg = Release|Any CPU
		{16F184D9-7B14-5B27-CBF5-69EAC4797758}.Release|Any CPU.Build.0 = Release|Any CPU
	EndGlobalSection
	GlobalSection(SolutionProperties) = preSolution
		HideSolutionNode = FALSE
	EndGlobalSection
EndGlobal
